
Microsoft Visual Studio Solution File, Format Version 12.00
# Visual Studio Version 17
VisualStudioVersion = 17.0.32014.148
MinimumVisualStudioVersion = 10.0.40219.1
Project("{FAE04EC0-301F-11D3-BF4B-00C04F79EFBC}") = "Bieralia", "Bieralia\Bieralia.csproj", "{0A31A844-8189-4FF6-A792-F79560099FEB}"
EndProject
Global
	GlobalSection(SolutionConfigurationPlatforms) = preSolution
		Debug|Any CPU = Debug|Any CPU
		Release|Any CPU = Release|Any CPU
	EndGlobalSection
	GlobalSection(ProjectConfigurationPlatforms) = postSolution
		{0A31A844-8189-4FF6-A792-F79560099FEB}.Debug|Any CPU.ActiveCfg = Debug|Any CPU
		{0A31A844-8189-4FF6-A792-F79560099FEB}.Debug|Any CPU.Build.0 = Debug|Any CPU
		{0A31A844-8189-4FF6-A792-F79560099FEB}.Release|Any CPU.ActiveCfg = Release|Any CPU
		{0A31A844-8189-4FF6-A792-F79560099FEB}.Release|Any CPU.Build.0 = Release|Any CPU
	EndGlobalSection
	GlobalSection(SolutionProperties) = preSolution
		HideSolutionNode = FALSE
	EndGlobalSection
	GlobalSection(ExtensibilityGlobals) = postSolution
		SolutionGuid = {41B5F170-5B05-407E-89AE-B117266BCD19}
	EndGlobalSection
EndGlobal
